// !$*UTF8*$!
{
	archiveVersion = 1;
	classes = {
	};
	objectVersion = 50;
	objects = {

/* Begin PBXBuildFile section */
		7DD705DE254FC0820050D3AE /* AppDelegate.swift in Sources */ = {isa = PBXBuildFile; fileRef = 7DD705DD254FC0820050D3AE /* AppDelegate.swift */; };
		7DD705E0254FC0820050D3AE /* SceneDelegate.swift in Sources */ = {isa = PBXBuildFile; fileRef = 7DD705DF254FC0820050D3AE /* SceneDelegate.swift */; };
		7DD705E2254FC0820050D3AE /* ViewController.swift in Sources */ = {isa = PBXBuildFile; fileRef = 7DD705E1254FC0820050D3AE /* ViewController.swift */; };
		7DD705E5254FC0820050D3AE /* Main.storyboard in Resources */ = {isa = PBXBuildFile; fileRef = 7DD705E3254FC0820050D3AE /* Main.storyboard */; };
		7DD705E7254FC0830050D3AE /* Assets.xcassets in Resources */ = {isa = PBXBuildFile; fileRef = 7DD705E6254FC0830050D3AE /* Assets.xcassets */; };
		7DD705EA254FC0830050D3AE /* LaunchScreen.storyboard in Resources */ = {isa = PBXBuildFile; fileRef = 7DD705E8254FC0830050D3AE /* LaunchScreen.storyboard */; };
		7DD705F5254FC0830050D3AE /* ClockNumberProblemTests.swift in Sources */ = {isa = PBXBuildFile; fileRef = 7DD705F4254FC0830050D3AE /* ClockNumberProblemTests.swift */; };
		7DD70600254FC0830050D3AE /* ClockNumberProblemUITests.swift in Sources */ = {isa = PBXBuildFile; fileRef = 7DD705FF254FC0830050D3AE /* ClockNumberProblemUITests.swift */; };
/* End PBXBuildFile section */

/* Begin PBXContainerItemProxy section */
		7DD705F1254FC0830050D3AE /* PBXContainerItemProxy */ = {
			isa = PBXContainerItemProxy;
			containerPortal = 7DD705D2254FC0820050D3AE /* Project object */;
			proxyType = 1;
			remoteGlobalIDString = 7DD705D9254FC0820050D3AE;
			remoteInfo = ClockNumberProblem;
		};
		7DD705FC254FC0830050D3AE /* PBXContainerItemProxy */ = {
			isa = PBXContainerItemProxy;
			containerPortal = 7DD705D2254FC0820050D3AE /* Project object */;
			proxyType = 1;
			remoteGlobalIDString = 7DD705D9254FC0820050D3AE;
			remoteInfo = ClockNumberProblem;
		};
/* End PBXContainerItemProxy section */

/* Begin PBXFileReference section */
		7DD705DA254FC0820050D3AE /* ClockNumberProblem.app */ = {isa = PBXFileReference; explicitFileType = wrapper.application; includeInIndex = 0; path = ClockNumberProblem.app; sourceTree = BUILT_PRODUCTS_DIR; };
		7DD705DD254FC0820050D3AE /* AppDelegate.swift */ = {isa = PBXFileReference; lastKnownFileType = sourcecode.swift; path = AppDelegate.swift; sourceTree = "<group>"; };
		7DD705DF254FC0820050D3AE /* SceneDelegate.swift */ = {isa = PBXFileReference; lastKnownFileType = sourcecode.swift; path = SceneDelegate.swift; sourceTree = "<group>"; };
		7DD705E1254FC0820050D3AE /* ViewController.swift */ = {isa = PBXFileReference; lastKnownFileType = sourcecode.swift; path = ViewController.swift; sourceTree = "<group>"; };
		7DD705E4254FC0820050D3AE /* Base */ = {isa = PBXFileReference; lastKnownFileType = file.storyboard; name = Base; path = Base.lproj/Main.storyboard; sourceTree = "<group>"; };
		7DD705E6254FC0830050D3AE /* Assets.xcassets */ = {isa = PBXFileReference; lastKnownFileType = folder.assetcatalog; path = Assets.xcassets; sourceTree = "<group>"; };
		7DD705E9254FC0830050D3AE /* Base */ = {isa = PBXFileReference; lastKnownFileType = file.storyboard; name = Base; path = Base.lproj/LaunchScreen.storyboard; sourceTree = "<group>"; };
		7DD705EB254FC0830050D3AE /* Info.plist */ = {isa = PBXFileReference; lastKnownFileType = text.plist.xml; path = Info.plist; sourceTree = "<group>"; };
		7DD705F0254FC0830050D3AE /* ClockNumberProblemTests.xctest */ = {isa = PBXFileReference; explicitFileType = wrapper.cfbundle; includeInIndex = 0; path = ClockNumberProblemTests.xctest; sourceTree = BUILT_PRODUCTS_DIR; };
		7DD705F4254FC0830050D3AE /* ClockNumberProblemTests.swift */ = {isa = PBXFileReference; lastKnownFileType = sourcecode.swift; path = ClockNumberProblemTests.swift; sourceTree = "<group>"; };
		7DD705F6254FC0830050D3AE /* Info.plist */ = {isa = PBXFileReference; lastKnownFileType = text.plist.xml; path = Info.plist; sourceTree = "<group>"; };
		7DD705FB254FC0830050D3AE /* ClockNumberProblemUITests.xctest */ = {isa = PBXFileReference; explicitFileType = wrapper.cfbundle; includeInIndex = 0; path = ClockNumberProblemUITests.xctest; sourceTree = BUILT_PRODUCTS_DIR; };
		7DD705FF254FC0830050D3AE /* ClockNumberProblemUITests.swift */ = {isa = PBXFileReference; lastKnownFileType = sourcecode.swift; path = ClockNumberProblemUITests.swift; sourceTree = "<group>"; };
		7DD70601254FC0830050D3AE /* Info.plist */ = {isa = PBXFileReference; lastKnownFileType = text.plist.xml; path = Info.plist; sourceTree = "<group>"; };
/* End PBXFileReference section */

/* Begin PBXFrameworksBuildPhase section */
		7DD705D7254FC0820050D3AE /* Frameworks */ = {
			isa = PBXFrameworksBuildPhase;
			buildActionMask = 2147483647;
			files = (
			);
			runOnlyForDeploymentPostprocessing = 0;
		};
		7DD705ED254FC0830050D3AE /* Frameworks */ = {
			isa = PBXFrameworksBuildPhase;
			buildActionMask = 2147483647;
			files = (
			);
			runOnlyForDeploymentPostprocessing = 0;
		};
		7DD705F8254FC0830050D3AE /* Frameworks */ = {
			isa = PBXFrameworksBuildPhase;
			buildActionMask = 2147483647;
			files = (
			);
			runOnlyForDeploymentPostprocessing = 0;
		};
/* End PBXFrameworksBuildPhase section */

/* Begin PBXGroup section */
		7DD705D1254FC0820050D3AE = {
			isa = PBXGroup;
			children = (
				7DD705DC254FC0820050D3AE /* ClockNumberProblem */,
				7DD705F3254FC0830050D3AE /* ClockNumberProblemTests */,
				7DD705FE254FC0830050D3AE /* ClockNumberProblemUITests */,
				7DD705DB254FC0820050D3AE /* Products */,
			);
			sourceTree = "<group>";
		};
		7DD705DB254FC0820050D3AE /* Products */ = {
			isa = PBXGroup;
			children = (
				7DD705DA254FC0820050D3AE /* ClockNumberProblem.app */,
				7DD705F0254FC0830050D3AE /* ClockNumberProblemTests.xctest */,
				7DD705FB254FC0830050D3AE /* ClockNumberProblemUITests.xctest */,
			);
			name = Products;
			sourceTree = "<group>";
		};
		7DD705DC254FC0820050D3AE /* ClockNumberProblem */ = {
			isa = PBXGroup;
			children = (
				7DD705DD254FC0820050D3AE /* AppDelegate.swift */,
				7DD705DF254FC0820050D3AE /* SceneDelegate.swift */,
				7DD705E1254FC0820050D3AE /* ViewController.swift */,
				7DD705E3254FC0820050D3AE /* Main.storyboard */,
				7DD705E6254FC0830050D3AE /* Assets.xcassets */,
				7DD705E8254FC0830050D3AE /* LaunchScreen.storyboard */,
				7DD705EB254FC0830050D3AE /* Info.plist */,
			);
			path = ClockNumberProblem;
			sourceTree = "<group>";
		};
		7DD705F3254FC0830050D3AE /* ClockNumberProblemTests */ = {
			isa = PBXGroup;
			children = (
				7DD705F4254FC0830050D3AE /* ClockNumberProblemTests.swift */,
				7DD705F6254FC0830050D3AE /* Info.plist */,
			);
			path = ClockNumberProblemTests;
			sourceTree = "<group>";
		};
		7DD705FE254FC0830050D3AE /* ClockNumberProblemUITests */ = {
			isa = PBXGroup;
			children = (
				7DD705FF254FC0830050D3AE /* ClockNumberProblemUITests.swift */,
				7DD70601254FC0830050D3AE /* Info.plist */,
			);
			path = ClockNumberProblemUITests;
			sourceTree = "<group>";
		};
/* End PBXGroup section */

/* Begin PBXNativeTarget section */
		7DD705D9254FC0820050D3AE /* ClockNumberProblem */ = {
			isa = PBXNativeTarget;
			buildConfigurationList = 7DD70604254FC0830050D3AE /* Build configuration list for PBXNativeTarget "ClockNumberProblem" */;
			buildPhases = (
				7DD705D6254FC0820050D3AE /* Sources */,
				7DD705D7254FC0820050D3AE /* Frameworks */,
				7DD705D8254FC0820050D3AE /* Resources */,
			);
			buildRules = (
			);
			dependencies = (
			);
			name = ClockNumberProblem;
			productName = ClockNumberProblem;
			productReference = 7DD705DA254FC0820050D3AE /* ClockNumberProblem.app */;
			productType = "com.apple.product-type.application";
		};
		7DD705EF254FC0830050D3AE /* ClockNumberProblemTests */ = {
			isa = PBXNativeTarget;
			buildConfigurationList = 7DD70607254FC0830050D3AE /* Build configuration list for PBXNativeTarget "ClockNumberProblemTests" */;
			buildPhases = (
				7DD705EC254FC0830050D3AE /* Sources */,
				7DD705ED254FC0830050D3AE /* Frameworks */,
				7DD705EE254FC0830050D3AE /* Resources */,
			);
			buildRules = (
			);
			dependencies = (
				7DD705F2254FC0830050D3AE /* PBXTargetDependency */,
			);
			name = ClockNumberProblemTests;
			productName = ClockNumberProblemTests;
			productReference = 7DD705F0254FC0830050D3AE /* ClockNumberProblemTests.xctest */;
			productType = "com.apple.product-type.bundle.unit-test";
		};
		7DD705FA254FC0830050D3AE /* ClockNumberProblemUITests */ = {
			isa = PBXNativeTarget;
			buildConfigurationList = 7DD7060A254FC0830050D3AE /* Build configuration list for PBXNativeTarget "ClockNumberProblemUITests" */;
			buildPhases = (
				7DD705F7254FC0830050D3AE /* Sources */,
				7DD705F8254FC0830050D3AE /* Frameworks */,
				7DD705F9254FC0830050D3AE /* Resources */,
			);
			buildRules = (
			);
			dependencies = (
				7DD705FD254FC0830050D3AE /* PBXTargetDependency */,
			);
			name = ClockNumberProblemUITests;
			productName = ClockNumberProblemUITests;
			productReference = 7DD705FB254FC0830050D3AE /* ClockNumberProblemUITests.xctest */;
			productType = "com.apple.product-type.bundle.ui-testing";
		};
/* End PBXNativeTarget section */

/* Begin PBXProject section */
		7DD705D2254FC0820050D3AE /* Project object */ = {
			isa = PBXProject;
			attributes = {
				LastSwiftUpdateCheck = 1210;
				LastUpgradeCheck = 1210;
				TargetAttributes = {
					7DD705D9254FC0820050D3AE = {
						CreatedOnToolsVersion = 12.1;
					};
					7DD705EF254FC0830050D3AE = {
						CreatedOnToolsVersion = 12.1;
						TestTargetID = 7DD705D9254FC0820050D3AE;
					};
					7DD705FA254FC0830050D3AE = {
						CreatedOnToolsVersion = 12.1;
						TestTargetID = 7DD705D9254FC0820050D3AE;
					};
				};
			};
			buildConfigurationList = 7DD705D5254FC0820050D3AE /* Build configuration list for PBXProject "ClockNumberProblem" */;
			compatibilityVersion = "Xcode 9.3";
			developmentRegion = en;
			hasScannedForEncodings = 0;
			knownRegions = (
				en,
				Base,
			);
			mainGroup = 7DD705D1254FC0820050D3AE;
			productRefGroup = 7DD705DB254FC0820050D3AE /* Products */;
			projectDirPath = "";
			projectRoot = "";
			targets = (
				7DD705D9254FC0820050D3AE /* ClockNumberProblem */,
				7DD705EF254FC0830050D3AE /* ClockNumberProblemTests */,
				7DD705FA254FC0830050D3AE /* ClockNumberProblemUITests */,
			);
		};
/* End PBXProject section */

/* Begin PBXResourcesBuildPhase section */
		7DD705D8254FC0820050D3AE /* Resources */ = {
			isa = PBXResourcesBuildPhase;
			buildActionMask = 2147483647;
			files = (
				7DD705EA254FC0830050D3AE /* LaunchScreen.storyboard in Resources */,
				7DD705E7254FC0830050D3AE /* Assets.xcassets in Resources */,
				7DD705E5254FC0820050D3AE /* Main.storyboard in Resources */,
			);
			runOnlyForDeploymentPostprocessing = 0;
		};
		7DD705EE254FC0830050D3AE /* Resources */ = {
			isa = PBXResourcesBuildPhase;
			buildActionMask = 2147483647;
			files = (
			);
			runOnlyForDeploymentPostprocessing = 0;
		};
		7DD705F9254FC0830050D3AE /* Resources */ = {
			isa = PBXResourcesBuildPhase;
			buildActionMask = 2147483647;
			files = (
			);
			runOnlyForDeploymentPostprocessing = 0;
		};
/* End PBXResourcesBuildPhase section */

/* Begin PBXSourcesBuildPhase section */
		7DD705D6254FC0820050D3AE /* Sources */ = {
			isa = PBXSourcesBuildPhase;
			buildActionMask = 2147483647;
			files = (
				7DD705E2254FC0820050D3AE /* ViewController.swift in Sources */,
				7DD705DE254FC0820050D3AE /* AppDelegate.swift in Sources */,
				7DD705E0254FC0820050D3AE /* SceneDelegate.swift in Sources */,
			);
			runOnlyForDeploymentPostprocessing = 0;
		};
		7DD705EC254FC0830050D3AE /* Sources */ = {
			isa = PBXSourcesBuildPhase;
			buildActionMask = 2147483647;
			files = (
				7DD705F5254FC0830050D3AE /* ClockNumberProblemTests.swift in Sources */,
			);
			runOnlyForDeploymentPostprocessing = 0;
		};
		7DD705F7254FC0830050D3AE /* Sources */ = {
			isa = PBXSourcesBuildPhase;
			buildActionMask = 2147483647;
			files = (
				7DD70600254FC0830050D3AE /* ClockNumberProblemUITests.swift in Sources */,
			);
			runOnlyForDeploymentPostprocessing = 0;
		};
/* End PBXSourcesBuildPhase section */

/* Begin PBXTargetDependency section */
		7DD705F2254FC0830050D3AE /* PBXTargetDependency */ = {
			isa = PBXTargetDependency;
			target = 7DD705D9254FC0820050D3AE /* ClockNumberProblem */;
			targetProxy = 7DD705F1254FC0830050D3AE /* PBXContainerItemProxy */;
		};
		7DD705FD254FC0830050D3AE /* PBXTargetDependency */ = {
			isa = PBXTargetDependency;
			target = 7DD705D9254FC0820050D3AE /* ClockNumberProblem */;
			targetProxy = 7DD705FC254FC0830050D3AE /* PBXContainerItemProxy */;
		};
/* End PBXTargetDependency section */

/* Begin PBXVariantGroup section */
		7DD705E3254FC0820050D3AE /* Main.storyboard */ = {
			isa = PBXVariantGroup;
			children = (
				7DD705E4254FC0820050D3AE /* Base */,
			);
			name = Main.storyboard;
			sourceTree = "<group>";
		};
		7DD705E8254FC0830050D3AE /* LaunchScreen.storyboard */ = {
			isa = PBXVariantGroup;
			children = (
				7DD705E9254FC0830050D3AE /* Base */,
			);
			name = LaunchScreen.storyboard;
			sourceTree = "<group>";
		};
/* End PBXVariantGroup section */

/* Begin XCBuildConfiguration section */
		7DD70602254FC0830050D3AE /* Debug */ = {
			isa = XCBuildConfiguration;
			buildSettings = {
				ALWAYS_SEARCH_USER_PATHS = NO;
				CLANG_ANALYZER_NONNULL = YES;
				CLANG_ANALYZER_NUMBER_OBJECT_CONVERSION = YES_AGGRESSIVE;
				CLANG_CXX_LANGUAGE_STANDARD = "gnu++14";
				CLANG_CXX_LIBRARY = "libc++";
				CLANG_ENABLE_MODULES = YES;
				CLANG_ENABLE_OBJC_ARC = YES;
				CLANG_ENABLE_OBJC_WEAK = YES;
				CLANG_WARN_BLOCK_CAPTURE_AUTORELEASING = YES;
				CLANG_WARN_BOOL_CONVERSION = YES;
				CLANG_WARN_COMMA = YES;
				CLANG_WARN_CONSTANT_CONVERSION = YES;
				CLANG_WARN_DEPRECATED_OBJC_IMPLEMENTATIONS = YES;
				CLANG_WARN_DIRECT_OBJC_ISA_USAGE = YES_ERROR;
				CLANG_WARN_DOCUMENTATION_COMMENTS = YES;
				CLANG_WARN_EMPTY_BODY = YES;
				CLANG_WARN_ENUM_CONVERSION = YES;
				CLANG_WARN_INFINITE_RECURSION = YES;
				CLANG_WARN_INT_CONVERSION = YES;
				CLANG_WARN_NON_LITERAL_NULL_CONVERSION = YES;
				CLANG_WARN_OBJC_IMPLICIT_RETAIN_SELF = YES;
				CLANG_WARN_OBJC_LITERAL_CONVERSION = YES;
				CLANG_WARN_OBJC_ROOT_CLASS = YES_ERROR;
				CLANG_WARN_QUOTED_INCLUDE_IN_FRAMEWORK_HEADER = YES;
				CLANG_WARN_RANGE_LOOP_ANALYSIS = YES;
				CLANG_WARN_STRICT_PROTOTYPES = YES;
				CLANG_WARN_SUSPICIOUS_MOVE = YES;
				CLANG_WARN_UNGUARDED_AVAILABILITY = YES_AGGRESSIVE;
				CLANG_WARN_UNREACHABLE_CODE = YES;
				CLANG_WARN__DUPLICATE_METHOD_MATCH = YES;
				COPY_PHASE_STRIP = NO;
				DEBUG_INFORMATION_FORMAT = dwarf;
				ENABLE_STRICT_OBJC_MSGSEND = YES;
				ENABLE_TESTABILITY = YES;
				GCC_C_LANGUAGE_STANDARD = gnu11;
				GCC_DYNAMIC_NO_PIC = NO;
				GCC_NO_COMMON_BLOCKS = YES;
				GCC_OPTIMIZATION_LEVEL = 0;
				GCC_PREPROCESSOR_DEFINITIONS = (
					"DEBUG=1",
					"$(inherited)",
				);
				GCC_WARN_64_TO_32_BIT_CONVERSION = YES;
				GCC_WARN_ABOUT_RETURN_TYPE = YES_ERROR;
				GCC_WARN_UNDECLARED_SELECTOR = YES;
				GCC_WARN_UNINITIALIZED_AUTOS = YES_AGGRESSIVE;
				GCC_WARN_UNUSED_FUNCTION = YES;
				GCC_WARN_UNUSED_VARIABLE = YES;
				IPHONEOS_DEPLOYMENT_TARGET = 14.1;
				MTL_ENABLE_DEBUG_INFO = INCLUDE_SOURCE;
				MTL_FAST_MATH = YES;
				ONLY_ACTIVE_ARCH = YES;
				SDKROOT = iphoneos;
				SWIFT_ACTIVE_COMPILATION_CONDITIONS = DEBUG;
				SWIFT_OPTIMIZATION_LEVEL = "-Onone";
			};
			name = Debug;
		};
		7DD70603254FC0830050D3AE /* Release */ = {
			isa = XCBuildConfiguration;
			buildSettings = {
				ALWAYS_SEARCH_USER_PATHS = NO;
				CLANG_ANALYZER_NONNULL = YES;
				CLANG_ANALYZER_NUMBER_OBJECT_CONVERSION = YES_AGGRESSIVE;
				CLANG_CXX_LANGUAGE_STANDARD = "gnu++14";
				CLANG_CXX_LIBRARY = "libc++";
				CLANG_ENABLE_MODULES = YES;
				CLANG_ENABLE_OBJC_ARC = YES;
				CLANG_ENABLE_OBJC_WEAK = YES;
				CLANG_WARN_BLOCK_CAPTURE_AUTORELEASING = YES;
				CLANG_WARN_BOOL_CONVERSION = YES;
				CLANG_WARN_COMMA = YES;
				CLANG_WARN_CONSTANT_CONVERSION = YES;
				CLANG_WARN_DEPRECATED_OBJC_IMPLEMENTATIONS = YES;
				CLANG_WARN_DIRECT_OBJC_ISA_USAGE = YES_ERROR;
				CLANG_WARN_DOCUMENTATION_COMMENTS = YES;
				CLANG_WARN_EMPTY_BODY = YES;
				CLANG_WARN_ENUM_CONVERSION = YES;
				CLANG_WARN_INFINITE_RECURSION = YES;
				CLANG_WARN_INT_CONVERSION = YES;
				CLANG_WARN_NON_LITERAL_NULL_CONVERSION = YES;
				CLANG_WARN_OBJC_IMPLICIT_RETAIN_SELF = YES;
				CLANG_WARN_OBJC_LITERAL_CONVERSION = YES;
				CLANG_WARN_OBJC_ROOT_CLASS = YES_ERROR;
				CLANG_WARN_QUOTED_INCLUDE_IN_FRAMEWORK_HEADER = YES;
				CLANG_WARN_RANGE_LOOP_ANALYSIS = YES;
				CLANG_WARN_STRICT_PROTOTYPES = YES;
				CLANG_WARN_SUSPICIOUS_MOVE = YES;
				CLANG_WARN_UNGUARDED_AVAILABILITY = YES_AGGRESSIVE;
				CLANG_WARN_UNREACHABLE_CODE = YES;
				CLANG_WARN__DUPLICATE_METHOD_MATCH = YES;
				COPY_PHASE_STRIP = NO;
				DEBUG_INFORMATION_FORMAT = "dwarf-with-dsym";
				ENABLE_NS_ASSERTIONS = NO;
				ENABLE_STRICT_OBJC_MSGSEND = YES;
				GCC_C_LANGUAGE_STANDARD = gnu11;
				GCC_NO_COMMON_BLOCKS = YES;
				GCC_WARN_64_TO_32_BIT_CONVERSION = YES;
				GCC_WARN_ABOUT_RETURN_TYPE = YES_ERROR;
				GCC_WARN_UNDECLARED_SELECTOR = YES;
				GCC_WARN_UNINITIALIZED_AUTOS = YES_AGGRESSIVE;
				GCC_WARN_UNUSED_FUNCTION = YES;
				GCC_WARN_UNUSED_VARIABLE = YES;
				IPHONEOS_DEPLOYMENT_TARGET = 14.1;
				MTL_ENABLE_DEBUG_INFO = NO;
				MTL_FAST_MATH = YES;
				SDKROOT = iphoneos;
				SWIFT_COMPILATION_MODE = wholemodule;
				SWIFT_OPTIMIZATION_LEVEL = "-O";
				VALIDATE_PRODUCT = YES;
			};
			name = Release;
		};
		7DD70605254FC0830050D3AE /* Debug */ = {
			isa = XCBuildConfiguration;
			buildSettings = {
				ASSETCATALOG_COMPILER_APPICON_NAME = AppIcon;
				ASSETCATALOG_COMPILER_GLOBAL_ACCENT_COLOR_NAME = AccentColor;
				CODE_SIGN_STYLE = Automatic;
				DEVELOPMENT_TEAM = B22XC9R8M7;
				INFOPLIST_FILE = ClockNumberProblem/Info.plist;
				LD_RUNPATH_SEARCH_PATHS = (
					"$(inherited)",
					"@executable_path/Frameworks",
				);
				PRODUCT_BUNDLE_IDENTIFIER = com.pBryan.ClockNumberProblem;
				PRODUCT_NAME = "$(TARGET_NAME)";
				SWIFT_VERSION = 5.0;
				TARGETED_DEVICE_FAMILY = "1,2";
			};
			name = Debug;
		};
		7DD70606254FC0830050D3AE /* Release */ = {
			isa = XCBuildConfiguration;
			buildSettings = {
				ASSETCATALOG_COMPILER_APPICON_NAME = AppIcon;
				ASSETCATALOG_COMPILER_GLOBAL_ACCENT_COLOR_NAME = AccentColor;
				CODE_SIGN_STYLE = Automatic;
				DEVELOPMENT_TEAM = B22XC9R8M7;
				INFOPLIST_FILE = ClockNumberProblem/Info.plist;
				LD_RUNPATH_SEARCH_PATHS = (
					"$(inherited)",
					"@executable_path/Frameworks",
				);
				PRODUCT_BUNDLE_IDENTIFIER = com.pBryan.ClockNumberProblem;
				PRODUCT_NAME = "$(TARGET_NAME)";
				SWIFT_VERSION = 5.0;
				TARGETED_DEVICE_FAMILY = "1,2";
			};
			name = Release;
		};
		7DD70608254FC0830050D3AE /* Debug */ = {
			isa = XCBuildConfiguration;
			buildSettings = {
				ALWAYS_EMBED_SWIFT_STANDARD_LIBRARIES = YES;
				BUNDLE_LOADER = "$(TEST_HOST)";
				CODE_SIGN_STYLE = Automatic;
				DEVELOPMENT_TEAM = B22XC9R8M7;
				INFOPLIST_FILE = ClockNumberProblemTests/Info.plist;
				IPHONEOS_DEPLOYMENT_TARGET = 14.1;
				LD_RUNPATH_SEARCH_PATHS = (
					"$(inherited)",
					"@executable_path/Frameworks",
					"@loader_path/Frameworks",
				);
				PRODUCT_BUNDLE_IDENTIFIER = com.pBryan.ClockNumberProblemTests;
				PRODUCT_NAME = "$(TARGET_NAME)";
				SWIFT_VERSION = 5.0;
				TARGETED_DEVICE_FAMILY = "1,2";
				TEST_HOST = "$(BUILT_PRODUCTS_DIR)/ClockNumberProblem.app/ClockNumberProblem";
			};
			name = Debug;
		};
		7DD70609254FC0830050D3AE /* Release */ = {
			isa = XCBuildConfiguration;
			buildSettings = {
				ALWAYS_EMBED_SWIFT_STANDARD_LIBRARIES = YES;
				BUNDLE_LOADER = "$(TEST_HOST)";
				CODE_SIGN_STYLE = Automatic;
				DEVELOPMENT_TEAM = B22XC9R8M7;
				INFOPLIST_FILE = ClockNumberProblemTests/Info.plist;
				IPHONEOS_DEPLOYMENT_TARGET = 14.1;
				LD_RUNPATH_SEARCH_PATHS = (
					"$(inherited)",
					"@executable_path/Frameworks",
					"@loader_path/Frameworks",
				);
				PRODUCT_BUNDLE_IDENTIFIER = com.pBryan.ClockNumberProblemTests;
				PRODUCT_NAME = "$(TARGET_NAME)";
				SWIFT_VERSION = 5.0;
				TARGETED_DEVICE_FAMILY = "1,2";
				TEST_HOST = "$(BUILT_PRODUCTS_DIR)/ClockNumberProblem.app/ClockNumberProblem";
			};
			name = Release;
		};
		7DD7060B254FC0830050D3AE /* Debug */ = {
			isa = XCBuildConfiguration;
			buildSettings = {
				ALWAYS_EMBED_SWIFT_STANDARD_LIBRARIES = YES;
				CODE_SIGN_STYLE = Automatic;
				DEVELOPMENT_TEAM = B22XC9R8M7;
				INFOPLIST_FILE = ClockNumberProblemUITests/Info.plist;
				LD_RUNPATH_SEARCH_PATHS = (
					"$(inherited)",
					"@executable_path/Frameworks",
					"@loader_path/Frameworks",
				);
				PRODUCT_BUNDLE_IDENTIFIER = com.pBryan.ClockNumberProblemUITests;
				PRODUCT_NAME = "$(TARGET_NAME)";
				SWIFT_VERSION = 5.0;
				TARGETED_DEVICE_FAMILY = "1,2";
				TEST_TARGET_NAME = ClockNumberProblem;
			};
			name = Debug;
		};
		7DD7060C254FC0830050D3AE /* Release */ = {
			isa = XCBuildConfiguration;
			buildSettings = {
				ALWAYS_EMBED_SWIFT_STANDARD_LIBRARIES = YES;
				CODE_SIGN_STYLE = Automatic;
				DEVELOPMENT_TEAM = B22XC9R8M7;
				INFOPLIST_FILE = ClockNumberProblemUITests/Info.plist;
				LD_RUNPATH_SEARCH_PATHS = (
					"$(inherited)",
					"@executable_path/Frameworks",
					"@loader_path/Frameworks",
				);
				PRODUCT_BUNDLE_IDENTIFIER = com.pBryan.ClockNumberProblemUITests;
				PRODUCT_NAME = "$(TARGET_NAME)";
				SWIFT_VERSION = 5.0;
				TARGETED_DEVICE_FAMILY = "1,2";
				TEST_TARGET_NAME = ClockNumberProblem;
			};
			name = Release;
		};
/* End XCBuildConfiguration section */

/* Begin XCConfigurationList section */
		7DD705D5254FC0820050D3AE /* Build configuration list for PBXProject "ClockNumberProblem" */ = {
			isa = XCConfigurationList;
			buildConfigurations = (
				7DD70602254FC0830050D3AE /* Debug */,
				7DD70603254FC0830050D3AE /* Release */,
			);
			defaultConfigurationIsVisible = 0;
			defaultConfigurationName = Release;
		};
		7DD70604254FC0830050D3AE /* Build configuration list for PBXNativeTarget "ClockNumberProblem" */ = {
			isa = XCConfigurationList;
			buildConfigurations = (
				7DD70605254FC0830050D3AE /* Debug */,
				7DD70606254FC0830050D3AE /* Release */,
			);
			defaultConfigurationIsVisible = 0;
			defaultConfigurationName = Release;
		};
		7DD70607254FC0830050D3AE /* Build configuration list for PBXNativeTarget "ClockNumberProblemTests" */ = {
			isa = XCConfigurationList;
			buildConfigurations = (
				7DD70608254FC0830050D3AE /* Debug */,
				7DD70609254FC0830050D3AE /* Release */,
			);
			defaultConfigurationIsVisible = 0;
			defaultConfigurationName = Release;
		};
		7DD7060A254FC0830050D3AE /* Build configuration list for PBXNativeTarget "ClockNumberProblemUITests" */ = {
			isa = XCConfigurationList;
			buildConfigurations = (
				7DD7060B254FC0830050D3AE /* Debug */,
				7DD7060C254FC0830050D3AE /* Release */,
			);
			defaultConfigurationIsVisible = 0;
			defaultConfigurationName = Release;
		};
/* End XCConfigurationList section */
	};
	rootObject = 7DD705D2254FC0820050D3AE /* Project object */;
}
